
Microsoft Visual Studio Solution File, Format Version 12.00
Project("{FAE04EC0-301F-11D3-BF4B-00C04F79EFBC}") = "Day1", "Day1\Day1.csproj", "{43BCACB0-AD25-4888-BB24-3F849990EC1E}"
EndProject
Project("{FAE04EC0-301F-11D3-BF4B-00C04F79EFBC}") = "Day2", "Day2\Day2.csproj", "{42471A9D-B6AD-4F5C-945C-F6A1C6F8A1D9}"
EndProject
Project("{FAE04EC0-301F-11D3-BF4B-00C04F79EFBC}") = "Day3", "Day3\Day3.csproj", "{61CDDF9D-DEB1-498C-93B1-9742FF4A32D9}"
EndProject
Project("{FAE04EC0-301F-11D3-BF4B-00C04F79EFBC}") = "Day4", "Day4\Day4.csproj", "{C4BEE1EA-5C04-4093-833B-034E59756C65}"
EndProject
Project("{FAE04EC0-301F-11D3-BF4B-00C04F79EFBC}") = "Day5", "Day5\Day5.csproj", "{1420D763-F1DB-41BE-B01D-2B5F36744100}"
EndProject
Project("{FAE04EC0-301F-11D3-BF4B-00C04F79EFBC}") = "Day6", "Day6\Day6.csproj", "{72F43994-6951-46F8-BFD8-3E47B80A205A}"
EndProject
Project("{FAE04EC0-301F-11D3-BF4B-00C04F79EFBC}") = "Day7", "Day7\Day7.csproj", "{F1B5CEEB-112F-4F8A-BA9E-BBB451E6CC59}"
EndProject
Project("{FAE04EC0-301F-11D3-BF4B-00C04F79EFBC}") = "Day8", "Day8\Day8.csproj", "{41A17149-DEAF-4BF3-9868-75E9393DBD85}"
EndProject
Project("{FAE04EC0-301F-11D3-BF4B-00C04F79EFBC}") = "Day9", "Day9\Day9.csproj", "{2C79D66B-E145-41F8-8507-64ED9263A95B}"
EndProject
Project("{FAE04EC0-301F-11D3-BF4B-00C04F79EFBC}") = "Day10", "Day10\Day10.csproj", "{FA671EEE-7807-4CA0-9C6D-09E9EE53E88E}"
EndProject
Project("{FAE04EC0-301F-11D3-BF4B-00C04F79EFBC}") = "Day11", "Day11\Day11.csproj", "{6731A208-6084-449B-AA2C-B4EFEF2BEBB9}"
EndProject
Project("{FAE04EC0-301F-11D3-BF4B-00C04F79EFBC}") = "Day12", "Day12\Day12.csproj", "{75C99807-18A2-43BA-AD56-732CDFD3FE7C}"
EndProject
Project("{FAE04EC0-301F-11D3-BF4B-00C04F79EFBC}") = "Day13", "Day13\Day13.csproj", "{1265EF5F-9C13-4DE3-A8AA-968A4AD8DC6B}"
EndProject
Project("{FAE04EC0-301F-11D3-BF4B-00C04F79EFBC}") = "Day14", "Day14\Day14.csproj", "{C8068EBD-B90A-4B56-AA07-688D66B90133}"
EndProject
Project("{FAE04EC0-301F-11D3-BF4B-00C04F79EFBC}") = "Day15", "Day15\Day15.csproj", "{C2E7DCA4-B04E-436E-9284-24FA4795051E}"
EndProject
Project("{FAE04EC0-301F-11D3-BF4B-00C04F79EFBC}") = "Day16", "Day16\Day16.csproj", "{9BD12A76-B6E7-462D-B83E-AEF1382163C3}"
EndProject
Project("{FAE04EC0-301F-11D3-BF4B-00C04F79EFBC}") = "Day17", "Day17\Day17.csproj", "{E8F57E00-FA43-42D8-B12F-E2DD1CD47097}"
EndProject
Project("{FAE04EC0-301F-11D3-BF4B-00C04F79EFBC}") = "Day18", "Day18\Day18.csproj", "{5647A16A-BBAA-4901-A9F2-00A97BF38FBE}"
EndProject
Project("{FAE04EC0-301F-11D3-BF4B-00C04F79EFBC}") = "Day19", "Day19\Day19.csproj", "{85DDD738-E667-4998-BEB6-E90E3D2B3AA6}"
EndProject
Project("{FAE04EC0-301F-11D3-BF4B-00C04F79EFBC}") = "Day20", "Day20\Day20.csproj", "{085437D2-F20A-4672-AB08-2772297CCBBC}"
EndProject
Project("{FAE04EC0-301F-11D3-BF4B-00C04F79EFBC}") = "Day21", "Day21\Day21.csproj", "{0A4803CC-D9AC-4DFA-9046-9BC978B834BB}"
EndProject
Global
	GlobalSection(SolutionConfigurationPlatforms) = preSolution
		Debug|Any CPU = Debug|Any CPU
		Release|Any CPU = Release|Any CPU
	EndGlobalSection
	GlobalSection(ProjectConfigurationPlatforms) = postSolution
		{3EC5D9EC-DB77-4D05-A483-BC92DF3B5F1A}.Debug|Any CPU.ActiveCfg = Debug|Any CPU
		{3EC5D9EC-DB77-4D05-A483-BC92DF3B5F1A}.Debug|Any CPU.Build.0 = Debug|Any CPU
		{3EC5D9EC-DB77-4D05-A483-BC92DF3B5F1A}.Release|Any CPU.ActiveCfg = Release|Any CPU
		{3EC5D9EC-DB77-4D05-A483-BC92DF3B5F1A}.Release|Any CPU.Build.0 = Release|Any CPU
		{43BCACB0-AD25-4888-BB24-3F849990EC1E}.Debug|Any CPU.ActiveCfg = Debug|Any CPU
		{43BCACB0-AD25-4888-BB24-3F849990EC1E}.Debug|Any CPU.Build.0 = Debug|Any CPU
		{43BCACB0-AD25-4888-BB24-3F849990EC1E}.Release|Any CPU.ActiveCfg = Release|Any CPU
		{43BCACB0-AD25-4888-BB24-3F849990EC1E}.Release|Any CPU.Build.0 = Release|Any CPU
		{42471A9D-B6AD-4F5C-945C-F6A1C6F8A1D9}.Debug|Any CPU.ActiveCfg = Debug|Any CPU
		{42471A9D-B6AD-4F5C-945C-F6A1C6F8A1D9}.Debug|Any CPU.Build.0 = Debug|Any CPU
		{42471A9D-B6AD-4F5C-945C-F6A1C6F8A1D9}.Release|Any CPU.ActiveCfg = Release|Any CPU
		{42471A9D-B6AD-4F5C-945C-F6A1C6F8A1D9}.Release|Any CPU.Build.0 = Release|Any CPU
		{61CDDF9D-DEB1-498C-93B1-9742FF4A32D9}.Debug|Any CPU.ActiveCfg = Debug|Any CPU
		{61CDDF9D-DEB1-498C-93B1-9742FF4A32D9}.Debug|Any CPU.Build.0 = Debug|Any CPU
		{61CDDF9D-DEB1-498C-93B1-9742FF4A32D9}.Release|Any CPU.ActiveCfg = Release|Any CPU
		{61CDDF9D-DEB1-498C-93B1-9742FF4A32D9}.Release|Any CPU.Build.0 = Release|Any CPU
		{C4BEE1EA-5C04-4093-833B-034E59756C65}.Debug|Any CPU.ActiveCfg = Debug|Any CPU
		{C4BEE1EA-5C04-4093-833B-034E59756C65}.Debug|Any CPU.Build.0 = Debug|Any CPU
		{C4BEE1EA-5C04-4093-833B-034E59756C65}.Release|Any CPU.ActiveCfg = Release|Any CPU
		{C4BEE1EA-5C04-4093-833B-034E59756C65}.Release|Any CPU.Build.0 = Release|Any CPU
		{1420D763-F1DB-41BE-B01D-2B5F36744100}.Debug|Any CPU.ActiveCfg = Debug|Any CPU
		{1420D763-F1DB-41BE-B01D-2B5F36744100}.Debug|Any CPU.Build.0 = Debug|Any CPU
		{1420D763-F1DB-41BE-B01D-2B5F36744100}.Release|Any CPU.ActiveCfg = Release|Any CPU
		{1420D763-F1DB-41BE-B01D-2B5F36744100}.Release|Any CPU.Build.0 = Release|Any CPU
		{72F43994-6951-46F8-BFD8-3E47B80A205A}.Debug|Any CPU.ActiveCfg = Debug|Any CPU
		{72F43994-6951-46F8-BFD8-3E47B80A205A}.Debug|Any CPU.Build.0 = Debug|Any CPU
		{72F43994-6951-46F8-BFD8-3E47B80A205A}.Release|Any CPU.ActiveCfg = Release|Any CPU
		{72F43994-6951-46F8-BFD8-3E47B80A205A}.Release|Any CPU.Build.0 = Release|Any CPU
		{F1B5CEEB-112F-4F8A-BA9E-BBB451E6CC59}.Debug|Any CPU.ActiveCfg = Debug|Any CPU
		{F1B5CEEB-112F-4F8A-BA9E-BBB451E6CC59}.Debug|Any CPU.Build.0 = Debug|Any CPU
		{F1B5CEEB-112F-4F8A-BA9E-BBB451E6CC59}.Release|Any CPU.ActiveCfg = Release|Any CPU
		{F1B5CEEB-112F-4F8A-BA9E-BBB451E6CC59}.Release|Any CPU.Build.0 = Release|Any CPU
		{41A17149-DEAF-4BF3-9868-75E9393DBD85}.Debug|Any CPU.ActiveCfg = Debug|Any CPU
		{41A17149-DEAF-4BF3-9868-75E9393DBD85}.Debug|Any CPU.Build.0 = Debug|Any CPU
		{41A17149-DEAF-4BF3-9868-75E9393DBD85}.Release|Any CPU.ActiveCfg = Release|Any CPU
		{41A17149-DEAF-4BF3-9868-75E9393DBD85}.Release|Any CPU.Build.0 = Release|Any CPU
		{2C79D66B-E145-41F8-8507-64ED9263A95B}.Debug|Any CPU.ActiveCfg = Debug|Any CPU
		{2C79D66B-E145-41F8-8507-64ED9263A95B}.Debug|Any CPU.Build.0 = Debug|Any CPU
		{2C79D66B-E145-41F8-8507-64ED9263A95B}.Release|Any CPU.ActiveCfg = Release|Any CPU
		{2C79D66B-E145-41F8-8507-64ED9263A95B}.Release|Any CPU.Build.0 = Release|Any CPU
		{FA671EEE-7807-4CA0-9C6D-09E9EE53E88E}.Debug|Any CPU.ActiveCfg = Debug|Any CPU
		{FA671EEE-7807-4CA0-9C6D-09E9EE53E88E}.Debug|Any CPU.Build.0 = Debug|Any CPU
		{FA671EEE-7807-4CA0-9C6D-09E9EE53E88E}.Release|Any CPU.ActiveCfg = Release|Any CPU
		{FA671EEE-7807-4CA0-9C6D-09E9EE53E88E}.Release|Any CPU.Build.0 = Release|Any CPU
		{6731A208-6084-449B-AA2C-B4EFEF2BEBB9}.Debug|Any CPU.ActiveCfg = Debug|Any CPU
		{6731A208-6084-449B-AA2C-B4EFEF2BEBB9}.Debug|Any CPU.Build.0 = Debug|Any CPU
		{6731A208-6084-449B-AA2C-B4EFEF2BEBB9}.Release|Any CPU.ActiveCfg = Release|Any CPU
		{6731A208-6084-449B-AA2C-B4EFEF2BEBB9}.Release|Any CPU.Build.0 = Release|Any CPU
		{75C99807-18A2-43BA-AD56-732CDFD3FE7C}.Debug|Any CPU.ActiveCfg = Debug|Any CPU
		{75C99807-18A2-43BA-AD56-732CDFD3FE7C}.Debug|Any CPU.Build.0 = Debug|Any CPU
		{75C99807-18A2-43BA-AD56-732CDFD3FE7C}.Release|Any CPU.ActiveCfg = Release|Any CPU
		{75C99807-18A2-43BA-AD56-732CDFD3FE7C}.Release|Any CPU.Build.0 = Release|Any CPU
		{1265EF5F-9C13-4DE3-A8AA-968A4AD8DC6B}.Debug|Any CPU.ActiveCfg = Debug|Any CPU
		{1265EF5F-9C13-4DE3-A8AA-968A4AD8DC6B}.Debug|Any CPU.Build.0 = Debug|Any CPU
		{1265EF5F-9C13-4DE3-A8AA-968A4AD8DC6B}.Release|Any CPU.ActiveCfg = Release|Any CPU
		{1265EF5F-9C13-4DE3-A8AA-968A4AD8DC6B}.Release|Any CPU.Build.0 = Release|Any CPU
		{C8068EBD-B90A-4B56-AA07-688D66B90133}.Debug|Any CPU.ActiveCfg = Debug|Any CPU
		{C8068EBD-B90A-4B56-AA07-688D66B90133}.Debug|Any CPU.Build.0 = Debug|Any CPU
		{C8068EBD-B90A-4B56-AA07-688D66B90133}.Release|Any CPU.ActiveCfg = Release|Any CPU
		{C8068EBD-B90A-4B56-AA07-688D66B90133}.Release|Any CPU.Build.0 = Release|Any CPU
		{C2E7DCA4-B04E-436E-9284-24FA4795051E}.Debug|Any CPU.ActiveCfg = Debug|Any CPU
		{C2E7DCA4-B04E-436E-9284-24FA4795051E}.Debug|Any CPU.Build.0 = Debug|Any CPU
		{C2E7DCA4-B04E-436E-9284-24FA4795051E}.Release|Any CPU.ActiveCfg = Release|Any CPU
		{C2E7DCA4-B04E-436E-9284-24FA4795051E}.Release|Any CPU.Build.0 = Release|Any CPU
		{9BD12A76-B6E7-462D-B83E-AEF1382163C3}.Debug|Any CPU.ActiveCfg = Debug|Any CPU
		{9BD12A76-B6E7-462D-B83E-AEF1382163C3}.Debug|Any CPU.Build.0 = Debug|Any CPU
		{9BD12A76-B6E7-462D-B83E-AEF1382163C3}.Release|Any CPU.ActiveCfg = Release|Any CPU
		{9BD12A76-B6E7-462D-B83E-AEF1382163C3}.Release|Any CPU.Build.0 = Release|Any CPU
		{E8F57E00-FA43-42D8-B12F-E2DD1CD47097}.Debug|Any CPU.ActiveCfg = Debug|Any CPU
		{E8F57E00-FA43-42D8-B12F-E2DD1CD47097}.Debug|Any CPU.Build.0 = Debug|Any CPU
		{E8F57E00-FA43-42D8-B12F-E2DD1CD47097}.Release|Any CPU.ActiveCfg = Release|Any CPU
		{E8F57E00-FA43-42D8-B12F-E2DD1CD47097}.Release|Any CPU.Build.0 = Release|Any CPU
		{5647A16A-BBAA-4901-A9F2-00A97BF38FBE}.Debug|Any CPU.ActiveCfg = Debug|Any CPU
		{5647A16A-BBAA-4901-A9F2-00A97BF38FBE}.Debug|Any CPU.Build.0 = Debug|Any CPU
		{5647A16A-BBAA-4901-A9F2-00A97BF38FBE}.Release|Any CPU.ActiveCfg = Release|Any CPU
		{5647A16A-BBAA-4901-A9F2-00A97BF38FBE}.Release|Any CPU.Build.0 = Release|Any CPU
		{85DDD738-E667-4998-BEB6-E90E3D2B3AA6}.Debug|Any CPU.ActiveCfg = Debug|Any CPU
		{85DDD738-E667-4998-BEB6-E90E3D2B3AA6}.Debug|Any CPU.Build.0 = Debug|Any CPU
		{85DDD738-E667-4998-BEB6-E90E3D2B3AA6}.Release|Any CPU.ActiveCfg = Release|Any CPU
		{85DDD738-E667-4998-BEB6-E90E3D2B3AA6}.Release|Any CPU.Build.0 = Release|Any CPU
		{085437D2-F20A-4672-AB08-2772297CCBBC}.Debug|Any CPU.ActiveCfg = Debug|Any CPU
		{085437D2-F20A-4672-AB08-2772297CCBBC}.Debug|Any CPU.Build.0 = Debug|Any CPU
		{085437D2-F20A-4672-AB08-2772297CCBBC}.Release|Any CPU.ActiveCfg = Release|Any CPU
		{085437D2-F20A-4672-AB08-2772297CCBBC}.Release|Any CPU.Build.0 = Release|Any CPU
		{0A4803CC-D9AC-4DFA-9046-9BC978B834BB}.Debug|Any CPU.ActiveCfg = Debug|Any CPU
		{0A4803CC-D9AC-4DFA-9046-9BC978B834BB}.Debug|Any CPU.Build.0 = Debug|Any CPU
		{0A4803CC-D9AC-4DFA-9046-9BC978B834BB}.Release|Any CPU.ActiveCfg = Release|Any CPU
		{0A4803CC-D9AC-4DFA-9046-9BC978B834BB}.Release|Any CPU.Build.0 = Release|Any CPU
	EndGlobalSection
EndGlobal
