
Microsoft Visual Studio Solution File, Format Version 12.00
Project("{FAE04EC0-301F-11D3-BF4B-00C04F79EFBC}") = "Day1", "Day1\Day1.csproj", "{43BCACB0-AD25-4888-BB24-3F849990EC1E}"
EndProject
Project("{FAE04EC0-301F-11D3-BF4B-00C04F79EFBC}") = "Day2", "Day2\Day2.csproj", "{42471A9D-B6AD-4F5C-945C-F6A1C6F8A1D9}"
EndProject
Project("{FAE04EC0-301F-11D3-BF4B-00C04F79EFBC}") = "Day3", "Day3\Day3.csproj", "{61CDDF9D-DEB1-498C-93B1-9742FF4A32D9}"
EndProject
Project("{FAE04EC0-301F-11D3-BF4B-00C04F79EFBC}") = "Day4", "Day4\Day4.csproj", "{C4BEE1EA-5C04-4093-833B-034E59756C65}"
EndProject
Project("{FAE04EC0-301F-11D3-BF4B-00C04F79EFBC}") = "Day5", "Day5\Day5.csproj", "{1420D763-F1DB-41BE-B01D-2B5F36744100}"
EndProject
Global
	GlobalSection(SolutionConfigurationPlatforms) = preSolution
		Debug|Any CPU = Debug|Any CPU
		Release|Any CPU = Release|Any CPU
	EndGlobalSection
	GlobalSection(ProjectConfigurationPlatforms) = postSolution
		{3EC5D9EC-DB77-4D05-A483-BC92DF3B5F1A}.Debug|Any CPU.ActiveCfg = Debug|Any CPU
		{3EC5D9EC-DB77-4D05-A483-BC92DF3B5F1A}.Debug|Any CPU.Build.0 = Debug|Any CPU
		{3EC5D9EC-DB77-4D05-A483-BC92DF3B5F1A}.Release|Any CPU.ActiveCfg = Release|Any CPU
		{3EC5D9EC-DB77-4D05-A483-BC92DF3B5F1A}.Release|Any CPU.Build.0 = Release|Any CPU
		{43BCACB0-AD25-4888-BB24-3F849990EC1E}.Debug|Any CPU.ActiveCfg = Debug|Any CPU
		{43BCACB0-AD25-4888-BB24-3F849990EC1E}.Debug|Any CPU.Build.0 = Debug|Any CPU
		{43BCACB0-AD25-4888-BB24-3F849990EC1E}.Release|Any CPU.ActiveCfg = Release|Any CPU
		{43BCACB0-AD25-4888-BB24-3F849990EC1E}.Release|Any CPU.Build.0 = Release|Any CPU
		{42471A9D-B6AD-4F5C-945C-F6A1C6F8A1D9}.Debug|Any CPU.ActiveCfg = Debug|Any CPU
		{42471A9D-B6AD-4F5C-945C-F6A1C6F8A1D9}.Debug|Any CPU.Build.0 = Debug|Any CPU
		{42471A9D-B6AD-4F5C-945C-F6A1C6F8A1D9}.Release|Any CPU.ActiveCfg = Release|Any CPU
		{42471A9D-B6AD-4F5C-945C-F6A1C6F8A1D9}.Release|Any CPU.Build.0 = Release|Any CPU
		{61CDDF9D-DEB1-498C-93B1-9742FF4A32D9}.Debug|Any CPU.ActiveCfg = Debug|Any CPU
		{61CDDF9D-DEB1-498C-93B1-9742FF4A32D9}.Debug|Any CPU.Build.0 = Debug|Any CPU
		{61CDDF9D-DEB1-498C-93B1-9742FF4A32D9}.Release|Any CPU.ActiveCfg = Release|Any CPU
		{61CDDF9D-DEB1-498C-93B1-9742FF4A32D9}.Release|Any CPU.Build.0 = Release|Any CPU
		{C4BEE1EA-5C04-4093-833B-034E59756C65}.Debug|Any CPU.ActiveCfg = Debug|Any CPU
		{C4BEE1EA-5C04-4093-833B-034E59756C65}.Debug|Any CPU.Build.0 = Debug|Any CPU
		{C4BEE1EA-5C04-4093-833B-034E59756C65}.Release|Any CPU.ActiveCfg = Release|Any CPU
		{C4BEE1EA-5C04-4093-833B-034E59756C65}.Release|Any CPU.Build.0 = Release|Any CPU
		{1420D763-F1DB-41BE-B01D-2B5F36744100}.Debug|Any CPU.ActiveCfg = Debug|Any CPU
		{1420D763-F1DB-41BE-B01D-2B5F36744100}.Debug|Any CPU.Build.0 = Debug|Any CPU
		{1420D763-F1DB-41BE-B01D-2B5F36744100}.Release|Any CPU.ActiveCfg = Release|Any CPU
		{1420D763-F1DB-41BE-B01D-2B5F36744100}.Release|Any CPU.Build.0 = Release|Any CPU
	EndGlobalSection
EndGlobal
